
Microsoft Visual Studio Solution File, Format Version 12.00
# Visual Studio 15
VisualStudioVersion = 15.0.27130.2036
MinimumVisualStudioVersion = 10.0.40219.1
Project("{FAE04EC0-301F-11D3-BF4B-00C04F79EFBC}") = "Terax", "Terax\Terax.csproj", "{66781C07-29CD-4D95-AF07-76EC62C3B313}"
EndProject
Project("{FAE04EC0-301F-11D3-BF4B-00C04F79EFBC}") = "TeraxHook", "TeraxHook\TeraxHook.csproj", "{0F0BCEA1-744B-4BD8-8C38-8374D9D74BF2}"
EndProject
Project("{FAE04EC0-301F-11D3-BF4B-00C04F79EFBC}") = "Tera.Core", "Tera.Core\Tera.Core.csproj", "{1849CABD-E702-4ED8-8B63-338F8B2F35CF}"
EndProject
Project("{FAE04EC0-301F-11D3-BF4B-00C04F79EFBC}") = "Test", "Test\Test.csproj", "{FC45364F-4C69-49C7-9B47-9CCBC628A812}"
EndProject
Project("{FAE04EC0-301F-11D3-BF4B-00C04F79EFBC}") = "Terax.Plugins.Test", "Terax.Plugins.Test\Terax.Plugins.Test.csproj", "{BBEC60F8-865B-431C-A8FC-BD7D1118C3BA}"
EndProject
Global
	GlobalSection(SolutionConfigurationPlatforms) = preSolution
		Debug|Any CPU = Debug|Any CPU
		Release|Any CPU = Release|Any CPU
	EndGlobalSection
	GlobalSection(ProjectConfigurationPlatforms) = postSolution
		{66781C07-29CD-4D95-AF07-76EC62C3B313}.Debug|Any CPU.ActiveCfg = Debug|Any CPU
		{66781C07-29CD-4D95-AF07-76EC62C3B313}.Debug|Any CPU.Build.0 = Debug|Any CPU
		{66781C07-29CD-4D95-AF07-76EC62C3B313}.Release|Any CPU.ActiveCfg = Release|Any CPU
		{66781C07-29CD-4D95-AF07-76EC62C3B313}.Release|Any CPU.Build.0 = Release|Any CPU
		{0F0BCEA1-744B-4BD8-8C38-8374D9D74BF2}.Debug|Any CPU.ActiveCfg = Debug|Any CPU
		{0F0BCEA1-744B-4BD8-8C38-8374D9D74BF2}.Debug|Any CPU.Build.0 = Debug|Any CPU
		{0F0BCEA1-744B-4BD8-8C38-8374D9D74BF2}.Release|Any CPU.ActiveCfg = Release|Any CPU
		{0F0BCEA1-744B-4BD8-8C38-8374D9D74BF2}.Release|Any CPU.Build.0 = Release|Any CPU
		{1849CABD-E702-4ED8-8B63-338F8B2F35CF}.Debug|Any CPU.ActiveCfg = Debug|Any CPU
		{1849CABD-E702-4ED8-8B63-338F8B2F35CF}.Debug|Any CPU.Build.0 = Debug|Any CPU
		{1849CABD-E702-4ED8-8B63-338F8B2F35CF}.Release|Any CPU.ActiveCfg = Release|Any CPU
		{1849CABD-E702-4ED8-8B63-338F8B2F35CF}.Release|Any CPU.Build.0 = Release|Any CPU
		{FC45364F-4C69-49C7-9B47-9CCBC628A812}.Debug|Any CPU.ActiveCfg = Debug|Any CPU
		{FC45364F-4C69-49C7-9B47-9CCBC628A812}.Debug|Any CPU.Build.0 = Debug|Any CPU
		{FC45364F-4C69-49C7-9B47-9CCBC628A812}.Release|Any CPU.ActiveCfg = Release|Any CPU
		{FC45364F-4C69-49C7-9B47-9CCBC628A812}.Release|Any CPU.Build.0 = Release|Any CPU
		{BBEC60F8-865B-431C-A8FC-BD7D1118C3BA}.Debug|Any CPU.ActiveCfg = Debug|Any CPU
		{BBEC60F8-865B-431C-A8FC-BD7D1118C3BA}.Debug|Any CPU.Build.0 = Debug|Any CPU
		{BBEC60F8-865B-431C-A8FC-BD7D1118C3BA}.Release|Any CPU.ActiveCfg = Release|Any CPU
		{BBEC60F8-865B-431C-A8FC-BD7D1118C3BA}.Release|Any CPU.Build.0 = Release|Any CPU
	EndGlobalSection
	GlobalSection(SolutionProperties) = preSolution
		HideSolutionNode = FALSE
	EndGlobalSection
	GlobalSection(ExtensibilityGlobals) = postSolution
		SolutionGuid = {C1AE2565-5B18-4591-8F39-94462D8D4933}
	EndGlobalSection
EndGlobal
